<?xml version="1.0" encoding="utf-8"?>
<Project ToolsVersion="4.0" xmlns="http://schemas.microsoft.com/developer/msbuild/2003">
  <ItemGroup>
    <Filter Include="Source Files">
      <UniqueIdentifier>{4FC737F1-C7A5-4376-A066-2A32D752A2FF}</UniqueIdentifier>
      <Extensions>cpp;c;cc;cxx;def;odl;idl;hpj;bat;asm;asmx</Extensions>
    </Filter>
    <Filter Include="Header Files">
      <UniqueIdentifier>{93995380-89BD-4b04-88EB-625FBE52EBFB}</UniqueIdentifier>
      <Extensions>h;hpp;hxx;hm;inl;inc;xsd</Extensions>
    </Filter>
    <Filter Include="Resource Files">
      <UniqueIdentifier>{67DA6AB6-F800-4c08-8B7A-83BB121AAD01}</UniqueIdentifier>
      <Extensions>rc;ico;cur;bmp;dlg;rc2;rct;bin;rgs;gif;jpg;jpeg;jpe;resx;tiff;tif;png;wav;mfcribbon-ms</Extensions>
    </Filter>
  </ItemGroup>
  <ItemGroup>
    <ClCompile Include="01_hello_SDL.cpp">
      <Filter>Source Files</Filter>
    </ClCompile>
    <ClCompile Include="b2BlockAllocator.cpp">
      <Filter>Header Files</Filter>
    </ClCompile>
    <ClCompile Include="b2Body.cpp">
      <Filter>Header Files</Filter>
    </ClCompile>
    <ClCompile Include="b2BroadPhase.cpp">
      <Filter>Header Files</Filter>
    </ClCompile>
    <ClCompile Include="b2ChainAndCircleContact.cpp">
      <Filter>Header Files</Filter>
    </ClCompile>
    <ClCompile Include="b2ChainAndPolygonContact.cpp">
      <Filter>Header Files</Filter>
    </ClCompile>
    <ClCompile Include="b2ChainShape.cpp">
      <Filter>Header Files</Filter>
    </ClCompile>
    <ClCompile Include="b2CircleContact.cpp">
      <Filter>Header Files</Filter>
    </ClCompile>
    <ClCompile Include="b2CircleShape.cpp">
      <Filter>Header Files</Filter>
    </ClCompile>
    <ClCompile Include="b2CollideCircle.cpp">
      <Filter>Header Files</Filter>
    </ClCompile>
    <ClCompile Include="b2CollideEdge.cpp">
      <Filter>Header Files</Filter>
    </ClCompile>
    <ClCompile Include="b2CollidePolygon.cpp">
      <Filter>Header Files</Filter>
    </ClCompile>
    <ClCompile Include="b2Collision.cpp">
      <Filter>Header Files</Filter>
    </ClCompile>
    <ClCompile Include="b2Contact.cpp">
      <Filter>Header Files</Filter>
    </ClCompile>
    <ClCompile Include="b2ContactManager.cpp">
      <Filter>Header Files</Filter>
    </ClCompile>
    <ClCompile Include="b2ContactSolver.cpp">
      <Filter>Header Files</Filter>
    </ClCompile>
    <ClCompile Include="b2Distance.cpp">
      <Filter>Header Files</Filter>
    </ClCompile>
    <ClCompile Include="b2DistanceJoint.cpp">
      <Filter>Header Files</Filter>
    </ClCompile>
    <ClCompile Include="b2Draw.cpp">
      <Filter>Header Files</Filter>
    </ClCompile>
    <ClCompile Include="b2DynamicTree.cpp">
      <Filter>Header Files</Filter>
    </ClCompile>
    <ClCompile Include="b2EdgeAndCircleContact.cpp">
      <Filter>Header Files</Filter>
    </ClCompile>
    <ClCompile Include="b2EdgeAndPolygonContact.cpp">
      <Filter>Header Files</Filter>
    </ClCompile>
    <ClCompile Include="b2EdgeShape.cpp">
      <Filter>Header Files</Filter>
    </ClCompile>
    <ClCompile Include="b2Fixture.cpp">
      <Filter>Header Files</Filter>
    </ClCompile>
    <ClCompile Include="b2FrictionJoint.cpp">
      <Filter>Header Files</Filter>
    </ClCompile>
    <ClCompile Include="b2GearJoint.cpp">
      <Filter>Header Files</Filter>
    </ClCompile>
    <ClCompile Include="b2Island.cpp">
      <Filter>Header Files</Filter>
    </ClCompile>
    <ClCompile Include="b2Joint.cpp">
      <Filter>Header Files</Filter>
    </ClCompile>
    <ClCompile Include="b2Math.cpp">
      <Filter>Header Files</Filter>
    </ClCompile>
    <ClCompile Include="b2MotorJoint.cpp">
      <Filter>Header Files</Filter>
    </ClCompile>
    <ClCompile Include="b2MouseJoint.cpp">
      <Filter>Header Files</Filter>
    </ClCompile>
    <ClCompile Include="b2PolygonAndCircleContact.cpp">
      <Filter>Header Files</Filter>
    </ClCompile>
    <ClCompile Include="b2PolygonContact.cpp">
      <Filter>Header Files</Filter>
    </ClCompile>
    <ClCompile Include="b2PolygonShape.cpp">
      <Filter>Header Files</Filter>
    </ClCompile>
    <ClCompile Include="b2PrismaticJoint.cpp">
      <Filter>Header Files</Filter>
    </ClCompile>
    <ClCompile Include="b2PulleyJoint.cpp">
      <Filter>Header Files</Filter>
    </ClCompile>
    <ClCompile Include="b2RevoluteJoint.cpp">
      <Filter>Header Files</Filter>
    </ClCompile>
    <ClCompile Include="b2Rope.cpp">
      <Filter>Header Files</Filter>
    </ClCompile>
    <ClCompile Include="b2RopeJoint.cpp">
      <Filter>Header Files</Filter>
    </ClCompile>
    <ClCompile Include="b2Settings.cpp">
      <Filter>Header Files</Filter>
    </ClCompile>
    <ClCompile Include="b2StackAllocator.cpp">
      <Filter>Header Files</Filter>
    </ClCompile>
    <ClCompile Include="b2TimeOfImpact.cpp">
      <Filter>Header Files</Filter>
    </ClCompile>
    <ClCompile Include="b2Timer.cpp">
      <Filter>Header Files</Filter>
    </ClCompile>
    <ClCompile Include="b2WeldJoint.cpp">
      <Filter>Header Files</Filter>
    </ClCompile>
    <ClCompile Include="b2WheelJoint.cpp">
      <Filter>Header Files</Filter>
    </ClCompile>
    <ClCompile Include="b2World.cpp">
      <Filter>Header Files</Filter>
    </ClCompile>
    <ClCompile Include="b2WorldCallbacks.cpp">
      <Filter>Header Files</Filter>
    </ClCompile>
    <ClCompile Include="Cannon.cpp">
      <Filter>Source Files</Filter>
    </ClCompile>
  </ItemGroup>
  <ItemGroup>
    <ClInclude Include="b2BlockAllocator.h">
      <Filter>Header Files</Filter>
    </ClInclude>
    <ClInclude Include="b2Body.h">
      <Filter>Header Files</Filter>
    </ClInclude>
    <ClInclude Include="b2BroadPhase.h">
      <Filter>Header Files</Filter>
    </ClInclude>
    <ClInclude Include="b2ChainAndCircleContact.h">
      <Filter>Header Files</Filter>
    </ClInclude>
    <ClInclude Include="b2ChainAndPolygonContact.h">
      <Filter>Header Files</Filter>
    </ClInclude>
    <ClInclude Include="b2ChainShape.h">
      <Filter>Header Files</Filter>
    </ClInclude>
    <ClInclude Include="b2CircleContact.h">
      <Filter>Header Files</Filter>
    </ClInclude>
    <ClInclude Include="b2CircleShape.h">
      <Filter>Header Files</Filter>
    </ClInclude>
    <ClInclude Include="b2Collision.h">
      <Filter>Header Files</Filter>
    </ClInclude>
    <ClInclude Include="b2Contact.h">
      <Filter>Header Files</Filter>
    </ClInclude>
    <ClInclude Include="b2ContactManager.h">
      <Filter>Header Files</Filter>
    </ClInclude>
    <ClInclude Include="b2ContactSolver.h">
      <Filter>Header Files</Filter>
    </ClInclude>
    <ClInclude Include="b2Distance.h">
      <Filter>Header Files</Filter>
    </ClInclude>
    <ClInclude Include="b2DistanceJoint.h">
      <Filter>Header Files</Filter>
    </ClInclude>
    <ClInclude Include="b2Draw.h">
      <Filter>Header Files</Filter>
    </ClInclude>
    <ClInclude Include="b2DynamicTree.h">
      <Filter>Header Files</Filter>
    </ClInclude>
    <ClInclude Include="b2EdgeAndCircleContact.h">
      <Filter>Header Files</Filter>
    </ClInclude>
    <ClInclude Include="b2EdgeAndPolygonContact.h">
      <Filter>Header Files</Filter>
    </ClInclude>
    <ClInclude Include="b2EdgeShape.h">
      <Filter>Header Files</Filter>
    </ClInclude>
    <ClInclude Include="b2Fixture.h">
      <Filter>Header Files</Filter>
    </ClInclude>
    <ClInclude Include="b2FrictionJoint.h">
      <Filter>Header Files</Filter>
    </ClInclude>
    <ClInclude Include="b2GearJoint.h">
      <Filter>Header Files</Filter>
    </ClInclude>
    <ClInclude Include="b2GrowableStack.h">
      <Filter>Header Files</Filter>
    </ClInclude>
    <ClInclude Include="b2Island.h">
      <Filter>Header Files</Filter>
    </ClInclude>
    <ClInclude Include="b2Joint.h">
      <Filter>Header Files</Filter>
    </ClInclude>
    <ClInclude Include="b2Math.h">
      <Filter>Header Files</Filter>
    </ClInclude>
    <ClInclude Include="b2MotorJoint.h">
      <Filter>Header Files</Filter>
    </ClInclude>
    <ClInclude Include="b2MouseJoint.h">
      <Filter>Header Files</Filter>
    </ClInclude>
    <ClInclude Include="b2PolygonAndCircleContact.h">
      <Filter>Header Files</Filter>
    </ClInclude>
    <ClInclude Include="b2PolygonContact.h">
      <Filter>Header Files</Filter>
    </ClInclude>
    <ClInclude Include="b2PolygonShape.h">
      <Filter>Header Files</Filter>
    </ClInclude>
    <ClInclude Include="b2PrismaticJoint.h">
      <Filter>Header Files</Filter>
    </ClInclude>
    <ClInclude Include="b2PulleyJoint.h">
      <Filter>Header Files</Filter>
    </ClInclude>
    <ClInclude Include="b2RevoluteJoint.h">
      <Filter>Header Files</Filter>
    </ClInclude>
    <ClInclude Include="b2Rope.h">
      <Filter>Header Files</Filter>
    </ClInclude>
    <ClInclude Include="b2RopeJoint.h">
      <Filter>Header Files</Filter>
    </ClInclude>
    <ClInclude Include="b2Settings.h">
      <Filter>Header Files</Filter>
    </ClInclude>
    <ClInclude Include="b2Shape.h">
      <Filter>Header Files</Filter>
    </ClInclude>
    <ClInclude Include="b2StackAllocator.h">
      <Filter>Header Files</Filter>
    </ClInclude>
    <ClInclude Include="b2TimeOfImpact.h">
      <Filter>Header Files</Filter>
    </ClInclude>
    <ClInclude Include="b2Timer.h">
      <Filter>Header Files</Filter>
    </ClInclude>
    <ClInclude Include="b2TimeStep.h">
      <Filter>Header Files</Filter>
    </ClInclude>
    <ClInclude Include="b2WeldJoint.h">
      <Filter>Header Files</Filter>
    </ClInclude>
    <ClInclude Include="b2WheelJoint.h">
      <Filter>Header Files</Filter>
    </ClInclude>
    <ClInclude Include="b2World.h">
      <Filter>Header Files</Filter>
    </ClInclude>
    <ClInclude Include="b2WorldCallbacks.h">
      <Filter>Header Files</Filter>
    </ClInclude>
    <ClInclude Include="Box2D.h">
      <Filter>Header Files</Filter>
    </ClInclude>
    <ClInclude Include="Cannon.h">
      <Filter>Header Files</Filter>
    </ClInclude>
  </ItemGroup>
</Project>